
Microsoft Visual Studio Solution File, Format Version 12.00
# Visual Studio Version 16
VisualStudioVersion = 16.0.32228.343
MinimumVisualStudioVersion = 10.0.40219.1
Project("{FAE04EC0-301F-11D3-BF4B-00C04F79EFBC}") = "LINQ and Lambda", "LINQ and Lambda\LINQ and Lambda.csproj", "{CAA2ED22-B7E0-4396-8F8D-7478AFEAB0F4}"
EndProject
Global
	GlobalSection(SolutionConfigurationPlatforms) = preSolution
		Debug|Any CPU = Debug|Any CPU
		Release|Any CPU = Release|Any CPU
	EndGlobalSection
	GlobalSection(ProjectConfigurationPlatforms) = postSolution
		{CAA2ED22-B7E0-4396-8F8D-7478AFEAB0F4}.Debug|Any CPU.ActiveCfg = Debug|Any CPU
		{CAA2ED22-B7E0-4396-8F8D-7478AFEAB0F4}.Debug|Any CPU.Build.0 = Debug|Any CPU
		{CAA2ED22-B7E0-4396-8F8D-7478AFEAB0F4}.Release|Any CPU.ActiveCfg = Release|Any CPU
		{CAA2ED22-B7E0-4396-8F8D-7478AFEAB0F4}.Release|Any CPU.Build.0 = Release|Any CPU
	EndGlobalSection
	GlobalSection(SolutionProperties) = preSolution
		HideSolutionNode = FALSE
	EndGlobalSection
	GlobalSection(ExtensibilityGlobals) = postSolution
		SolutionGuid = {52AB8FBA-CDAD-44D1-8B56-F551480373E5}
	EndGlobalSection
EndGlobal
